
Microsoft Visual Studio Solution File, Format Version 12.00
# Visual Studio Version 17
VisualStudioVersion = 17.13.35931.197
MinimumVisualStudioVersion = 10.0.40219.1
Project("{FAE04EC0-301F-11D3-BF4B-00C04F79EFBC}") = "EgyEagles.Domain", "EgyEagles.Domain\EgyEagles.Domain.csproj", "{D7143C0C-FC79-432B-94C9-6AB74CDAC8C1}"
EndProject
Project("{FAE04EC0-301F-11D3-BF4B-00C04F79EFBC}") = "EgyEagles.DAL", "EgyEagles.DAL\EgyEagles.DAL.csproj", "{2398B2EE-9011-4920-BA09-538CC326B2D5}"
EndProject
Project("{FAE04EC0-301F-11D3-BF4B-00C04F79EFBC}") = "EgyEagles.BLL", "EgyEagles.BLL\EgyEagles.BLL.csproj", "{10B3DCAD-B58D-4AF8-AB5C-A2D902B046FD}"
EndProject
Project("{FAE04EC0-301F-11D3-BF4B-00C04F79EFBC}") = "EgyEagles.API", "EgyEagles.API\EgyEagles.API.csproj", "{33C87772-4EE4-4EA6-8E9F-439FEF45D2C0}"
EndProject
Project("{FAE04EC0-301F-11D3-BF4B-00C04F79EFBC}") = "EgyEagles.Shared", "EgyEagles.Shared\EgyEagles.Shared.csproj", "{F16ED29B-8C9B-47C2-986C-8D38DAF09550}"
EndProject
Project("{FAE04EC0-301F-11D3-BF4B-00C04F79EFBC}") = "EgyEagles.MVC", "EgyEagles.MVC\EgyEagles.MVC.csproj", "{5405DFD7-D4E1-4EDC-8C7D-5921D21D7244}"
EndProject
Global
	GlobalSection(SolutionConfigurationPlatforms) = preSolution
		Debug|Any CPU = Debug|Any CPU
		Release|Any CPU = Release|Any CPU
	EndGlobalSection
	GlobalSection(ProjectConfigurationPlatforms) = postSolution
		{D7143C0C-FC79-432B-94C9-6AB74CDAC8C1}.Debug|Any CPU.ActiveCfg = Debug|Any CPU
		{D7143C0C-FC79-432B-94C9-6AB74CDAC8C1}.Debug|Any CPU.Build.0 = Debug|Any CPU
		{D7143C0C-FC79-432B-94C9-6AB74CDAC8C1}.Release|Any CPU.ActiveCfg = Release|Any CPU
		{D7143C0C-FC79-432B-94C9-6AB74CDAC8C1}.Release|Any CPU.Build.0 = Release|Any CPU
		{2398B2EE-9011-4920-BA09-538CC326B2D5}.Debug|Any CPU.ActiveCfg = Debug|Any CPU
		{2398B2EE-9011-4920-BA09-538CC326B2D5}.Debug|Any CPU.Build.0 = Debug|Any CPU
		{2398B2EE-9011-4920-BA09-538CC326B2D5}.Release|Any CPU.ActiveCfg = Release|Any CPU
		{2398B2EE-9011-4920-BA09-538CC326B2D5}.Release|Any CPU.Build.0 = Release|Any CPU
		{10B3DCAD-B58D-4AF8-AB5C-A2D902B046FD}.Debug|Any CPU.ActiveCfg = Debug|Any CPU
		{10B3DCAD-B58D-4AF8-AB5C-A2D902B046FD}.Debug|Any CPU.Build.0 = Debug|Any CPU
		{10B3DCAD-B58D-4AF8-AB5C-A2D902B046FD}.Release|Any CPU.ActiveCfg = Release|Any CPU
		{10B3DCAD-B58D-4AF8-AB5C-A2D902B046FD}.Release|Any CPU.Build.0 = Release|Any CPU
		{33C87772-4EE4-4EA6-8E9F-439FEF45D2C0}.Debug|Any CPU.ActiveCfg = Debug|Any CPU
		{33C87772-4EE4-4EA6-8E9F-439FEF45D2C0}.Debug|Any CPU.Build.0 = Debug|Any CPU
		{33C87772-4EE4-4EA6-8E9F-439FEF45D2C0}.Release|Any CPU.ActiveCfg = Release|Any CPU
		{33C87772-4EE4-4EA6-8E9F-439FEF45D2C0}.Release|Any CPU.Build.0 = Release|Any CPU
		{F16ED29B-8C9B-47C2-986C-8D38DAF09550}.Debug|Any CPU.ActiveCfg = Debug|Any CPU
		{F16ED29B-8C9B-47C2-986C-8D38DAF09550}.Debug|Any CPU.Build.0 = Debug|Any CPU
		{F16ED29B-8C9B-47C2-986C-8D38DAF09550}.Release|Any CPU.ActiveCfg = Release|Any CPU
		{F16ED29B-8C9B-47C2-986C-8D38DAF09550}.Release|Any CPU.Build.0 = Release|Any CPU
		{5405DFD7-D4E1-4EDC-8C7D-5921D21D7244}.Debug|Any CPU.ActiveCfg = Debug|Any CPU
		{5405DFD7-D4E1-4EDC-8C7D-5921D21D7244}.Debug|Any CPU.Build.0 = Debug|Any CPU
		{5405DFD7-D4E1-4EDC-8C7D-5921D21D7244}.Release|Any CPU.ActiveCfg = Release|Any CPU
		{5405DFD7-D4E1-4EDC-8C7D-5921D21D7244}.Release|Any CPU.Build.0 = Release|Any CPU
	EndGlobalSection
	GlobalSection(SolutionProperties) = preSolution
		HideSolutionNode = FALSE
	EndGlobalSection
	GlobalSection(ExtensibilityGlobals) = postSolution
		SolutionGuid = {E59E7D88-9B98-444A-B404-A8ECE00202CE}
	EndGlobalSection
EndGlobal
